
Microsoft Visual Studio Solution File, Format Version 12.00
# Visual Studio Version 16
VisualStudioVersion = 16.0.32413.511
MinimumVisualStudioVersion = 10.0.40219.1
Project("{2150E333-8FDC-42A3-9474-1A3956D46DE8}") = "src", "src", "{CBD9A824-5C1A-4F5F-B5E0-EB27FF363CF3}"
EndProject
Project("{2150E333-8FDC-42A3-9474-1A3956D46DE8}") = "Bulding Blocks", "Bulding Blocks", "{2707443D-FDDD-425F-9F5B-B792B79644D2}"
EndProject
Project("{2150E333-8FDC-42A3-9474-1A3956D46DE8}") = "Services", "Services", "{41F2B9A4-56AD-4E5E-A912-762AF9B51B23}"
EndProject
Project("{2150E333-8FDC-42A3-9474-1A3956D46DE8}") = "Web", "Web", "{3B9BB17A-F106-4F8D-BCD3-D0BE447F0967}"
EndProject
Project("{2150E333-8FDC-42A3-9474-1A3956D46DE8}") = "MVC", "MVC", "{2E3296AC-CCC6-4A0D-8DC3-901594D83FEF}"
EndProject
Project("{2150E333-8FDC-42A3-9474-1A3956D46DE8}") = "Core", "Core", "{9B67CC2F-9E96-430D-B13C-15F1AD64E57C}"
EndProject
Project("{9A19103F-16F7-4668-BE54-9A1E7A4F7556}") = "SE.Core", "src\building blocks\SE.Core\SE.Core.csproj", "{B1D8715C-54B2-47C4-BF84-FCD25A890305}"
EndProject
Project("{2150E333-8FDC-42A3-9474-1A3956D46DE8}") = "Carrinho", "Carrinho", "{F36EBD19-98B3-43D4-8D22-D9C7B95458B4}"
EndProject
Project("{9A19103F-16F7-4668-BE54-9A1E7A4F7556}") = "SE.Carrinho.API", "src\services\SE.Carrinho.API\SE.Carrinho.API.csproj", "{D2FAEE3B-D8DB-4984-BC54-7FD53ECDE481}"
EndProject
Project("{2150E333-8FDC-42A3-9474-1A3956D46DE8}") = "Identidade", "Identidade", "{A49B399B-94E7-42B8-B27A-3AC5879B05BF}"
EndProject
Project("{9A19103F-16F7-4668-BE54-9A1E7A4F7556}") = "SE.Identidade.API", "src\services\SE.Identidade.API\SE.Identidade.API.csproj", "{7301B13B-3B0B-4DF7-BD05-5971A9E8816B}"
EndProject
Project("{2150E333-8FDC-42A3-9474-1A3956D46DE8}") = "Catalogo", "Catalogo", "{0DF25CE1-073B-44A4-A946-527CE16060AF}"
EndProject
Project("{2150E333-8FDC-42A3-9474-1A3956D46DE8}") = "Cliente", "Cliente", "{6E5AF433-5FAA-4E64-BB8A-9AFAAA8660DB}"
EndProject
Project("{2150E333-8FDC-42A3-9474-1A3956D46DE8}") = "Pagamento", "Pagamento", "{DB8D8FBC-13DE-4465-9B2D-8A7163CD6EFB}"
EndProject
Project("{2150E333-8FDC-42A3-9474-1A3956D46DE8}") = "Pedido", "Pedido", "{5D54AE92-9FDE-4402-B6EF-468A0D23CCC0}"
EndProject
Project("{9A19103F-16F7-4668-BE54-9A1E7A4F7556}") = "SE.Pagamento.API", "src\services\SE.Pagamento.API\SE.Pagamento.API.csproj", "{2D9DD175-0CAC-4F2B-B35C-243F4E29E450}"
EndProject
Project("{9A19103F-16F7-4668-BE54-9A1E7A4F7556}") = "SE.Pedido.API", "src\services\SE.Pedido.API\SE.Pedido.API.csproj", "{A59929E0-0354-4A4D-9F08-4F7852E2ACFE}"
EndProject
Project("{9A19103F-16F7-4668-BE54-9A1E7A4F7556}") = "SE.Cliente.API", "src\services\SE.Cliente.API\SE.Cliente.API.csproj", "{875FFA20-66FE-4550-AFC2-036E7F0C41E4}"
EndProject
Project("{9A19103F-16F7-4668-BE54-9A1E7A4F7556}") = "SE.Catalogo.API", "src\services\SE.Catalogo.API\SE.Catalogo.API.csproj", "{44387CA4-BB83-4523-934A-2BEBBC2AE7D6}"
EndProject
Project("{FAE04EC0-301F-11D3-BF4B-00C04F79EFBC}") = "SE.WebApp.MVC", "src\web\SE.WebApp.MVC\SE.WebApp.MVC.csproj", "{0F8265C5-5DD5-40E9-92AE-4C5F2D8C70DB}"
EndProject
Global
	GlobalSection(SolutionConfigurationPlatforms) = preSolution
		Debug|Any CPU = Debug|Any CPU
		Release|Any CPU = Release|Any CPU
	EndGlobalSection
	GlobalSection(ProjectConfigurationPlatforms) = postSolution
		{B1D8715C-54B2-47C4-BF84-FCD25A890305}.Debug|Any CPU.ActiveCfg = Debug|Any CPU
		{B1D8715C-54B2-47C4-BF84-FCD25A890305}.Debug|Any CPU.Build.0 = Debug|Any CPU
		{B1D8715C-54B2-47C4-BF84-FCD25A890305}.Release|Any CPU.ActiveCfg = Release|Any CPU
		{B1D8715C-54B2-47C4-BF84-FCD25A890305}.Release|Any CPU.Build.0 = Release|Any CPU
		{D2FAEE3B-D8DB-4984-BC54-7FD53ECDE481}.Debug|Any CPU.ActiveCfg = Debug|Any CPU
		{D2FAEE3B-D8DB-4984-BC54-7FD53ECDE481}.Debug|Any CPU.Build.0 = Debug|Any CPU
		{D2FAEE3B-D8DB-4984-BC54-7FD53ECDE481}.Release|Any CPU.ActiveCfg = Release|Any CPU
		{D2FAEE3B-D8DB-4984-BC54-7FD53ECDE481}.Release|Any CPU.Build.0 = Release|Any CPU
		{7301B13B-3B0B-4DF7-BD05-5971A9E8816B}.Debug|Any CPU.ActiveCfg = Debug|Any CPU
		{7301B13B-3B0B-4DF7-BD05-5971A9E8816B}.Debug|Any CPU.Build.0 = Debug|Any CPU
		{7301B13B-3B0B-4DF7-BD05-5971A9E8816B}.Release|Any CPU.ActiveCfg = Release|Any CPU
		{7301B13B-3B0B-4DF7-BD05-5971A9E8816B}.Release|Any CPU.Build.0 = Release|Any CPU
		{2D9DD175-0CAC-4F2B-B35C-243F4E29E450}.Debug|Any CPU.ActiveCfg = Debug|Any CPU
		{2D9DD175-0CAC-4F2B-B35C-243F4E29E450}.Debug|Any CPU.Build.0 = Debug|Any CPU
		{2D9DD175-0CAC-4F2B-B35C-243F4E29E450}.Release|Any CPU.ActiveCfg = Release|Any CPU
		{2D9DD175-0CAC-4F2B-B35C-243F4E29E450}.Release|Any CPU.Build.0 = Release|Any CPU
		{A59929E0-0354-4A4D-9F08-4F7852E2ACFE}.Debug|Any CPU.ActiveCfg = Debug|Any CPU
		{A59929E0-0354-4A4D-9F08-4F7852E2ACFE}.Debug|Any CPU.Build.0 = Debug|Any CPU
		{A59929E0-0354-4A4D-9F08-4F7852E2ACFE}.Release|Any CPU.ActiveCfg = Release|Any CPU
		{A59929E0-0354-4A4D-9F08-4F7852E2ACFE}.Release|Any CPU.Build.0 = Release|Any CPU
		{875FFA20-66FE-4550-AFC2-036E7F0C41E4}.Debug|Any CPU.ActiveCfg = Debug|Any CPU
		{875FFA20-66FE-4550-AFC2-036E7F0C41E4}.Debug|Any CPU.Build.0 = Debug|Any CPU
		{875FFA20-66FE-4550-AFC2-036E7F0C41E4}.Release|Any CPU.ActiveCfg = Release|Any CPU
		{875FFA20-66FE-4550-AFC2-036E7F0C41E4}.Release|Any CPU.Build.0 = Release|Any CPU
		{44387CA4-BB83-4523-934A-2BEBBC2AE7D6}.Debug|Any CPU.ActiveCfg = Debug|Any CPU
		{44387CA4-BB83-4523-934A-2BEBBC2AE7D6}.Debug|Any CPU.Build.0 = Debug|Any CPU
		{44387CA4-BB83-4523-934A-2BEBBC2AE7D6}.Release|Any CPU.ActiveCfg = Release|Any CPU
		{44387CA4-BB83-4523-934A-2BEBBC2AE7D6}.Release|Any CPU.Build.0 = Release|Any CPU
		{0F8265C5-5DD5-40E9-92AE-4C5F2D8C70DB}.Debug|Any CPU.ActiveCfg = Debug|Any CPU
		{0F8265C5-5DD5-40E9-92AE-4C5F2D8C70DB}.Debug|Any CPU.Build.0 = Debug|Any CPU
		{0F8265C5-5DD5-40E9-92AE-4C5F2D8C70DB}.Release|Any CPU.ActiveCfg = Release|Any CPU
		{0F8265C5-5DD5-40E9-92AE-4C5F2D8C70DB}.Release|Any CPU.Build.0 = Release|Any CPU
	EndGlobalSection
	GlobalSection(SolutionProperties) = preSolution
		HideSolutionNode = FALSE
	EndGlobalSection
	GlobalSection(NestedProjects) = preSolution
		{2707443D-FDDD-425F-9F5B-B792B79644D2} = {CBD9A824-5C1A-4F5F-B5E0-EB27FF363CF3}
		{41F2B9A4-56AD-4E5E-A912-762AF9B51B23} = {CBD9A824-5C1A-4F5F-B5E0-EB27FF363CF3}
		{3B9BB17A-F106-4F8D-BCD3-D0BE447F0967} = {CBD9A824-5C1A-4F5F-B5E0-EB27FF363CF3}
		{2E3296AC-CCC6-4A0D-8DC3-901594D83FEF} = {3B9BB17A-F106-4F8D-BCD3-D0BE447F0967}
		{9B67CC2F-9E96-430D-B13C-15F1AD64E57C} = {2707443D-FDDD-425F-9F5B-B792B79644D2}
		{B1D8715C-54B2-47C4-BF84-FCD25A890305} = {9B67CC2F-9E96-430D-B13C-15F1AD64E57C}
		{F36EBD19-98B3-43D4-8D22-D9C7B95458B4} = {41F2B9A4-56AD-4E5E-A912-762AF9B51B23}
		{D2FAEE3B-D8DB-4984-BC54-7FD53ECDE481} = {F36EBD19-98B3-43D4-8D22-D9C7B95458B4}
		{A49B399B-94E7-42B8-B27A-3AC5879B05BF} = {41F2B9A4-56AD-4E5E-A912-762AF9B51B23}
		{7301B13B-3B0B-4DF7-BD05-5971A9E8816B} = {A49B399B-94E7-42B8-B27A-3AC5879B05BF}
		{0DF25CE1-073B-44A4-A946-527CE16060AF} = {41F2B9A4-56AD-4E5E-A912-762AF9B51B23}
		{6E5AF433-5FAA-4E64-BB8A-9AFAAA8660DB} = {41F2B9A4-56AD-4E5E-A912-762AF9B51B23}
		{DB8D8FBC-13DE-4465-9B2D-8A7163CD6EFB} = {41F2B9A4-56AD-4E5E-A912-762AF9B51B23}
		{5D54AE92-9FDE-4402-B6EF-468A0D23CCC0} = {41F2B9A4-56AD-4E5E-A912-762AF9B51B23}
		{2D9DD175-0CAC-4F2B-B35C-243F4E29E450} = {DB8D8FBC-13DE-4465-9B2D-8A7163CD6EFB}
		{A59929E0-0354-4A4D-9F08-4F7852E2ACFE} = {5D54AE92-9FDE-4402-B6EF-468A0D23CCC0}
		{875FFA20-66FE-4550-AFC2-036E7F0C41E4} = {6E5AF433-5FAA-4E64-BB8A-9AFAAA8660DB}
		{44387CA4-BB83-4523-934A-2BEBBC2AE7D6} = {0DF25CE1-073B-44A4-A946-527CE16060AF}
		{0F8265C5-5DD5-40E9-92AE-4C5F2D8C70DB} = {2E3296AC-CCC6-4A0D-8DC3-901594D83FEF}
	EndGlobalSection
	GlobalSection(ExtensibilityGlobals) = postSolution
		SolutionGuid = {D379C412-C008-46D1-8F6D-69C5CF15C9D9}
	EndGlobalSection
EndGlobal
